
Microsoft Visual Studio Solution File, Format Version 12.00
# Visual Studio Version 17
VisualStudioVersion = 17.0.31903.59
MinimumVisualStudioVersion = 10.0.40219.1
Project("{9A19103F-16F7-4668-BE54-9A1E7A4F7556}") = "HomeschoolManager.Web", "src\HomeschoolManager.Web\HomeschoolManager.Web.csproj", "{A1B2C3D4-E5F6-7890-ABCD-EF1234567890}"
EndProject
Project("{9A19103F-16F7-4668-BE54-9A1E7A4F7556}") = "HomeschoolManager.Core", "src\HomeschoolManager.Core\HomeschoolManager.Core.csproj", "{491E1884-27CC-D05F-7579-BF3AFC16FB99}"
EndProject
Project("{9A19103F-16F7-4668-BE54-9A1E7A4F7556}") = "HomeschoolManager.Infrastructure", "src\HomeschoolManager.Infrastructure\HomeschoolManager.Infrastructure.csproj", "{6A4DFB4E-B782-CFFE-3F0D-B63CE91DE013}"
EndProject
Project("{9A19103F-16F7-4668-BE54-9A1E7A4F7556}") = "HomeschoolManager.Application", "src\HomeschoolManager.Application\HomeschoolManager.Application.csproj", "{A83AE801-E1E0-4CFF-6DBD-B90866158457}"
EndProject
Project("{9A19103F-16F7-4668-BE54-9A1E7A4F7556}") = "HomeschoolManager.Shared", "src\HomeschoolManager.Shared\HomeschoolManager.Shared.csproj", "{77BD373C-7845-1CF0-8B33-0828759E27F2}"
EndProject
Project("{2150E333-8FDC-42A3-9474-1A3956D46DE8}") = "tests", "tests", "{0AB3BF05-4346-4AA6-1389-037BE0695223}"
EndProject
Project("{FAE04EC0-301F-11D3-BF4B-00C04F79EFBC}") = "HomeschoolManager.Tests.Unit", "tests\HomeschoolManager.Tests.Unit\HomeschoolManager.Tests.Unit.csproj", "{0170E7A5-DBB7-48CC-8AFD-2BD8B4534982}"
EndProject
Project("{2150E333-8FDC-42A3-9474-1A3956D46DE8}") = "src", "src", "{827E0CD3-B72D-47B6-A68D-7590B98EB39B}"
EndProject
Project("{FAE04EC0-301F-11D3-BF4B-00C04F79EFBC}") = "HomeschoolManager.Tests.Integration", "tests\HomeschoolManager.Tests.Integration\HomeschoolManager.Tests.Integration.csproj", "{EF3E3E2F-990C-4892-ACA8-D219C3313EAC}"
EndProject
Global
	GlobalSection(SolutionConfigurationPlatforms) = preSolution
		Debug|Any CPU = Debug|Any CPU
		Debug|x64 = Debug|x64
		Debug|x86 = Debug|x86
		Release|Any CPU = Release|Any CPU
		Release|x64 = Release|x64
		Release|x86 = Release|x86
	EndGlobalSection
	GlobalSection(ProjectConfigurationPlatforms) = postSolution
		{A1B2C3D4-E5F6-7890-ABCD-EF1234567890}.Debug|Any CPU.ActiveCfg = Debug|Any CPU
		{A1B2C3D4-E5F6-7890-ABCD-EF1234567890}.Debug|Any CPU.Build.0 = Debug|Any CPU
		{A1B2C3D4-E5F6-7890-ABCD-EF1234567890}.Debug|x64.ActiveCfg = Debug|Any CPU
		{A1B2C3D4-E5F6-7890-ABCD-EF1234567890}.Debug|x64.Build.0 = Debug|Any CPU
		{A1B2C3D4-E5F6-7890-ABCD-EF1234567890}.Debug|x86.ActiveCfg = Debug|Any CPU
		{A1B2C3D4-E5F6-7890-ABCD-EF1234567890}.Debug|x86.Build.0 = Debug|Any CPU
		{A1B2C3D4-E5F6-7890-ABCD-EF1234567890}.Release|Any CPU.ActiveCfg = Release|Any CPU
		{A1B2C3D4-E5F6-7890-ABCD-EF1234567890}.Release|Any CPU.Build.0 = Release|Any CPU
		{A1B2C3D4-E5F6-7890-ABCD-EF1234567890}.Release|x64.ActiveCfg = Release|Any CPU
		{A1B2C3D4-E5F6-7890-ABCD-EF1234567890}.Release|x64.Build.0 = Release|Any CPU
		{A1B2C3D4-E5F6-7890-ABCD-EF1234567890}.Release|x86.ActiveCfg = Release|Any CPU
		{A1B2C3D4-E5F6-7890-ABCD-EF1234567890}.Release|x86.Build.0 = Release|Any CPU
		{491E1884-27CC-D05F-7579-BF3AFC16FB99}.Debug|Any CPU.ActiveCfg = Debug|Any CPU
		{491E1884-27CC-D05F-7579-BF3AFC16FB99}.Debug|Any CPU.Build.0 = Debug|Any CPU
		{491E1884-27CC-D05F-7579-BF3AFC16FB99}.Debug|x64.ActiveCfg = Debug|Any CPU
		{491E1884-27CC-D05F-7579-BF3AFC16FB99}.Debug|x64.Build.0 = Debug|Any CPU
		{491E1884-27CC-D05F-7579-BF3AFC16FB99}.Debug|x86.ActiveCfg = Debug|Any CPU
		{491E1884-27CC-D05F-7579-BF3AFC16FB99}.Debug|x86.Build.0 = Debug|Any CPU
		{491E1884-27CC-D05F-7579-BF3AFC16FB99}.Release|Any CPU.ActiveCfg = Release|Any CPU
		{491E1884-27CC-D05F-7579-BF3AFC16FB99}.Release|Any CPU.Build.0 = Release|Any CPU
		{491E1884-27CC-D05F-7579-BF3AFC16FB99}.Release|x64.ActiveCfg = Release|Any CPU
		{491E1884-27CC-D05F-7579-BF3AFC16FB99}.Release|x64.Build.0 = Release|Any CPU
		{491E1884-27CC-D05F-7579-BF3AFC16FB99}.Release|x86.ActiveCfg = Release|Any CPU
		{491E1884-27CC-D05F-7579-BF3AFC16FB99}.Release|x86.Build.0 = Release|Any CPU
		{6A4DFB4E-B782-CFFE-3F0D-B63CE91DE013}.Debug|Any CPU.ActiveCfg = Debug|Any CPU
		{6A4DFB4E-B782-CFFE-3F0D-B63CE91DE013}.Debug|Any CPU.Build.0 = Debug|Any CPU
		{6A4DFB4E-B782-CFFE-3F0D-B63CE91DE013}.Debug|x64.ActiveCfg = Debug|Any CPU
		{6A4DFB4E-B782-CFFE-3F0D-B63CE91DE013}.Debug|x64.Build.0 = Debug|Any CPU
		{6A4DFB4E-B782-CFFE-3F0D-B63CE91DE013}.Debug|x86.ActiveCfg = Debug|Any CPU
		{6A4DFB4E-B782-CFFE-3F0D-B63CE91DE013}.Debug|x86.Build.0 = Debug|Any CPU
		{6A4DFB4E-B782-CFFE-3F0D-B63CE91DE013}.Release|Any CPU.ActiveCfg = Release|Any CPU
		{6A4DFB4E-B782-CFFE-3F0D-B63CE91DE013}.Release|Any CPU.Build.0 = Release|Any CPU
		{6A4DFB4E-B782-CFFE-3F0D-B63CE91DE013}.Release|x64.ActiveCfg = Release|Any CPU
		{6A4DFB4E-B782-CFFE-3F0D-B63CE91DE013}.Release|x64.Build.0 = Release|Any CPU
		{6A4DFB4E-B782-CFFE-3F0D-B63CE91DE013}.Release|x86.ActiveCfg = Release|Any CPU
		{6A4DFB4E-B782-CFFE-3F0D-B63CE91DE013}.Release|x86.Build.0 = Release|Any CPU
		{A83AE801-E1E0-4CFF-6DBD-B90866158457}.Debug|Any CPU.ActiveCfg = Debug|Any CPU
		{A83AE801-E1E0-4CFF-6DBD-B90866158457}.Debug|Any CPU.Build.0 = Debug|Any CPU
		{A83AE801-E1E0-4CFF-6DBD-B90866158457}.Debug|x64.ActiveCfg = Debug|Any CPU
		{A83AE801-E1E0-4CFF-6DBD-B90866158457}.Debug|x64.Build.0 = Debug|Any CPU
		{A83AE801-E1E0-4CFF-6DBD-B90866158457}.Debug|x86.ActiveCfg = Debug|Any CPU
		{A83AE801-E1E0-4CFF-6DBD-B90866158457}.Debug|x86.Build.0 = Debug|Any CPU
		{A83AE801-E1E0-4CFF-6DBD-B90866158457}.Release|Any CPU.ActiveCfg = Release|Any CPU
		{A83AE801-E1E0-4CFF-6DBD-B90866158457}.Release|Any CPU.Build.0 = Release|Any CPU
		{A83AE801-E1E0-4CFF-6DBD-B90866158457}.Release|x64.ActiveCfg = Release|Any CPU
		{A83AE801-E1E0-4CFF-6DBD-B90866158457}.Release|x64.Build.0 = Release|Any CPU
		{A83AE801-E1E0-4CFF-6DBD-B90866158457}.Release|x86.ActiveCfg = Release|Any CPU
		{A83AE801-E1E0-4CFF-6DBD-B90866158457}.Release|x86.Build.0 = Release|Any CPU
		{77BD373C-7845-1CF0-8B33-0828759E27F2}.Debug|Any CPU.ActiveCfg = Debug|Any CPU
		{77BD373C-7845-1CF0-8B33-0828759E27F2}.Debug|Any CPU.Build.0 = Debug|Any CPU
		{77BD373C-7845-1CF0-8B33-0828759E27F2}.Debug|x64.ActiveCfg = Debug|Any CPU
		{77BD373C-7845-1CF0-8B33-0828759E27F2}.Debug|x64.Build.0 = Debug|Any CPU
		{77BD373C-7845-1CF0-8B33-0828759E27F2}.Debug|x86.ActiveCfg = Debug|Any CPU
		{77BD373C-7845-1CF0-8B33-0828759E27F2}.Debug|x86.Build.0 = Debug|Any CPU
		{77BD373C-7845-1CF0-8B33-0828759E27F2}.Release|Any CPU.ActiveCfg = Release|Any CPU
		{77BD373C-7845-1CF0-8B33-0828759E27F2}.Release|Any CPU.Build.0 = Release|Any CPU
		{77BD373C-7845-1CF0-8B33-0828759E27F2}.Release|x64.ActiveCfg = Release|Any CPU
		{77BD373C-7845-1CF0-8B33-0828759E27F2}.Release|x64.Build.0 = Release|Any CPU
		{77BD373C-7845-1CF0-8B33-0828759E27F2}.Release|x86.ActiveCfg = Release|Any CPU
		{77BD373C-7845-1CF0-8B33-0828759E27F2}.Release|x86.Build.0 = Release|Any CPU
		{0170E7A5-DBB7-48CC-8AFD-2BD8B4534982}.Debug|Any CPU.ActiveCfg = Debug|Any CPU
		{0170E7A5-DBB7-48CC-8AFD-2BD8B4534982}.Debug|Any CPU.Build.0 = Debug|Any CPU
		{0170E7A5-DBB7-48CC-8AFD-2BD8B4534982}.Debug|x64.ActiveCfg = Debug|Any CPU
		{0170E7A5-DBB7-48CC-8AFD-2BD8B4534982}.Debug|x64.Build.0 = Debug|Any CPU
		{0170E7A5-DBB7-48CC-8AFD-2BD8B4534982}.Debug|x86.ActiveCfg = Debug|Any CPU
		{0170E7A5-DBB7-48CC-8AFD-2BD8B4534982}.Debug|x86.Build.0 = Debug|Any CPU
		{0170E7A5-DBB7-48CC-8AFD-2BD8B4534982}.Release|Any CPU.ActiveCfg = Release|Any CPU
		{0170E7A5-DBB7-48CC-8AFD-2BD8B4534982}.Release|Any CPU.Build.0 = Release|Any CPU
		{0170E7A5-DBB7-48CC-8AFD-2BD8B4534982}.Release|x64.ActiveCfg = Release|Any CPU
		{0170E7A5-DBB7-48CC-8AFD-2BD8B4534982}.Release|x64.Build.0 = Release|Any CPU
		{0170E7A5-DBB7-48CC-8AFD-2BD8B4534982}.Release|x86.ActiveCfg = Release|Any CPU
		{0170E7A5-DBB7-48CC-8AFD-2BD8B4534982}.Release|x86.Build.0 = Release|Any CPU
		{EF3E3E2F-990C-4892-ACA8-D219C3313EAC}.Debug|Any CPU.ActiveCfg = Debug|Any CPU
		{EF3E3E2F-990C-4892-ACA8-D219C3313EAC}.Debug|Any CPU.Build.0 = Debug|Any CPU
		{EF3E3E2F-990C-4892-ACA8-D219C3313EAC}.Debug|x64.ActiveCfg = Debug|Any CPU
		{EF3E3E2F-990C-4892-ACA8-D219C3313EAC}.Debug|x64.Build.0 = Debug|Any CPU
		{EF3E3E2F-990C-4892-ACA8-D219C3313EAC}.Debug|x86.ActiveCfg = Debug|Any CPU
		{EF3E3E2F-990C-4892-ACA8-D219C3313EAC}.Debug|x86.Build.0 = Debug|Any CPU
		{EF3E3E2F-990C-4892-ACA8-D219C3313EAC}.Release|Any CPU.ActiveCfg = Release|Any CPU
		{EF3E3E2F-990C-4892-ACA8-D219C3313EAC}.Release|Any CPU.Build.0 = Release|Any CPU
		{EF3E3E2F-990C-4892-ACA8-D219C3313EAC}.Release|x64.ActiveCfg = Release|Any CPU
		{EF3E3E2F-990C-4892-ACA8-D219C3313EAC}.Release|x64.Build.0 = Release|Any CPU
		{EF3E3E2F-990C-4892-ACA8-D219C3313EAC}.Release|x86.ActiveCfg = Release|Any CPU
		{EF3E3E2F-990C-4892-ACA8-D219C3313EAC}.Release|x86.Build.0 = Release|Any CPU
	EndGlobalSection
	GlobalSection(SolutionProperties) = preSolution
		HideSolutionNode = FALSE
	EndGlobalSection
	GlobalSection(NestedProjects) = preSolution
		{0170E7A5-DBB7-48CC-8AFD-2BD8B4534982} = {0AB3BF05-4346-4AA6-1389-037BE0695223}
		{EF3E3E2F-990C-4892-ACA8-D219C3313EAC} = {0AB3BF05-4346-4AA6-1389-037BE0695223}
	EndGlobalSection
EndGlobal
